uuid: 0b3492c0-c5f0-4320-8cc7-d188e0d6d54b
langcode: en
status: true
dependencies:
  module:
    - block_content
  enforced:
    module:
      - gutenberg
_core:
  default_config_hash: 0nRdlyXwWiWvI4FdhHFKcKfOGaW3sirwqY0dUr5JIlg
id: block_content.reusable_block
label: 'Reusable block'
targetEntityType: block_content
cache: true
